
Microsoft Visual Studio Solution File, Format Version 12.00
# Visual Studio 15
VisualStudioVersion = 15.0.27130.2036
MinimumVisualStudioVersion = 10.0.40219.1
Project("{FAE04EC0-301F-11D3-BF4B-00C04F79EFBC}") = "WPFtbGame", "WPFtbGame\WPFtbGame.csproj", "{5729F10F-E48D-460A-9713-6830ABB579D6}"
EndProject
Global
	GlobalSection(SolutionConfigurationPlatforms) = preSolution
		Debug|Any CPU = Debug|Any CPU
		Release|Any CPU = Release|Any CPU
	EndGlobalSection
	GlobalSection(ProjectConfigurationPlatforms) = postSolution
		{5729F10F-E48D-460A-9713-6830ABB579D6}.Debug|Any CPU.ActiveCfg = Debug|Any CPU
		{5729F10F-E48D-460A-9713-6830ABB579D6}.Debug|Any CPU.Build.0 = Debug|Any CPU
		{5729F10F-E48D-460A-9713-6830ABB579D6}.Release|Any CPU.ActiveCfg = Release|Any CPU
		{5729F10F-E48D-460A-9713-6830ABB579D6}.Release|Any CPU.Build.0 = Release|Any CPU
	EndGlobalSection
	GlobalSection(SolutionProperties) = preSolution
		HideSolutionNode = FALSE
	EndGlobalSection
	GlobalSection(ExtensibilityGlobals) = postSolution
		SolutionGuid = {41DB5227-D7AA-4E8E-9669-9E43C53EBE51}
	EndGlobalSection
EndGlobal
